dependencies:
  espressif/pid_ctrl:
    component_hash: 22af0226d7adbea821e4c1a8c1fa5dad23c883eb7457e95e19342883a37c44a3
    source:
      service_url: https://api.components.espressif.com/
      type: service
    version: 0.2.0
  idf:
    component_hash: null
    source:
      type: idf
    version: 5.2.2
  zorxx/neopixel:
    component_hash: e31ee2e32ec40e49e8185bca37ae62120db812d9194bce3879423d92bbfb2da7
    source:
      service_url: https://api.components.espressif.com/
      type: service
    version: 1.0.9
manifest_hash: 1840239db914b80a23bd05bd88dc76d692bbac36482f5194eb6015f3a88c6af6
target: esp32s3
version: 1.0.0
